{
  "name": "Nuestra-Senora-Del-Rosario-Frontend",
  "lockfileVersion": 3,
  "requires": true,
  "packages": {
    "": {
      "devDependencies": {
        "@types/chai": "^5.2.1",
        "@types/cypress": "^0.1.6"
      }
    },
    "node_modules/@types/chai": {
      "version": "5.2.1",
      "resolved": "https://registry.npmjs.org/@types/chai/-/chai-5.2.1.tgz",
      "integrity": "sha512-iu1JLYmGmITRzUgNiLMZD3WCoFzpYtueuyAgHTXqgwSRAMIlFTnZqG6/xenkpUGRJEzSfklUTI4GNSzks/dc0w==",
      "dev": true,
      "license": "MIT",
      "dependencies": {
        "@types/deep-eql": "*"
      }
    },
    "node_modules/@types/cypress": {
      "version": "0.1.6",
      "resolved": "https://registry.npmjs.org/@types/cypress/-/cypress-0.1.6.tgz",
      "integrity": "sha512-FYKQLvCsRYxZ3fp+XsoCiJZ1aK3x17RmaZjHI4Ou43khFkXPycrQaXo9b1J07PNlEfWnRtUc9loxHXzKjSsbYg==",
      "dev": true,
      "license": "MIT"
    },
    "node_modules/@types/deep-eql": {
      "version": "4.0.2",
      "resolved": "https://registry.npmjs.org/@types/deep-eql/-/deep-eql-4.0.2.tgz",
      "integrity": "sha512-c9h9dVVMigMPc4bwTvC5dxqtqJZwQPePsWjPlpSOnojbor6pGqdk541lfA7AqFQr5pB1BRdq0juY9db81BwyFw==",
      "dev": true,
      "license": "MIT"
    }
  }
}
